
Microsoft Visual Studio Solution File, Format Version 12.00
# Visual Studio Version 17
VisualStudioVersion = 17.6.33815.320
MinimumVisualStudioVersion = 10.0.40219.1
Project("{FAE04EC0-301F-11D3-BF4B-00C04F79EFBC}") = "MagicVilla_API", "MagicVilla_API\MagicVilla_API.csproj", "{9F2A2511-37E6-4AF7-A088-C43D2C8F9891}"
EndProject
Global
	GlobalSection(SolutionConfigurationPlatforms) = preSolution
		Debug|Any CPU = Debug|Any CPU
		Release|Any CPU = Release|Any CPU
	EndGlobalSection
	GlobalSection(ProjectConfigurationPlatforms) = postSolution
		{9F2A2511-37E6-4AF7-A088-C43D2C8F9891}.Debug|Any CPU.ActiveCfg = Debug|Any CPU
		{9F2A2511-37E6-4AF7-A088-C43D2C8F9891}.Debug|Any CPU.Build.0 = Debug|Any CPU
		{9F2A2511-37E6-4AF7-A088-C43D2C8F9891}.Release|Any CPU.ActiveCfg = Release|Any CPU
		{9F2A2511-37E6-4AF7-A088-C43D2C8F9891}.Release|Any CPU.Build.0 = Release|Any CPU
	EndGlobalSection
	GlobalSection(SolutionProperties) = preSolution
		HideSolutionNode = FALSE
	EndGlobalSection
	GlobalSection(ExtensibilityGlobals) = postSolution
		SolutionGuid = {1AD82522-A23D-44AA-81FF-BDD65BBE2DBA}
	EndGlobalSection
EndGlobal
